
Microsoft Visual Studio Solution File, Format Version 12.00
# Visual Studio Version 17
VisualStudioVersion = 17.7.34031.279
MinimumVisualStudioVersion = 10.0.40219.1
Project("{FAE04EC0-301F-11D3-BF4B-00C04F79EFBC}") = "OrangeTreeSim", "OrangeTreeSim\OrangeTreeSim.csproj", "{3DDB18DA-6E41-4EE3-AD13-EF98C0796234}"
EndProject
Project("{FAE04EC0-301F-11D3-BF4B-00C04F79EFBC}") = "OrangeTreeTest", "OrangeTreeTest\OrangeTreeTest.csproj", "{D0242221-7C86-4362-89A9-AE1C6AEB102A}"
EndProject
Global
	GlobalSection(SolutionConfigurationPlatforms) = preSolution
		Debug|Any CPU = Debug|Any CPU
		Release|Any CPU = Release|Any CPU
	EndGlobalSection
	GlobalSection(ProjectConfigurationPlatforms) = postSolution
		{3DDB18DA-6E41-4EE3-AD13-EF98C0796234}.Debug|Any CPU.ActiveCfg = Debug|Any CPU
		{3DDB18DA-6E41-4EE3-AD13-EF98C0796234}.Debug|Any CPU.Build.0 = Debug|Any CPU
		{3DDB18DA-6E41-4EE3-AD13-EF98C0796234}.Release|Any CPU.ActiveCfg = Release|Any CPU
		{3DDB18DA-6E41-4EE3-AD13-EF98C0796234}.Release|Any CPU.Build.0 = Release|Any CPU
		{D0242221-7C86-4362-89A9-AE1C6AEB102A}.Debug|Any CPU.ActiveCfg = Debug|Any CPU
		{D0242221-7C86-4362-89A9-AE1C6AEB102A}.Debug|Any CPU.Build.0 = Debug|Any CPU
		{D0242221-7C86-4362-89A9-AE1C6AEB102A}.Release|Any CPU.ActiveCfg = Release|Any CPU
		{D0242221-7C86-4362-89A9-AE1C6AEB102A}.Release|Any CPU.Build.0 = Release|Any CPU
	EndGlobalSection
	GlobalSection(SolutionProperties) = preSolution
		HideSolutionNode = FALSE
	EndGlobalSection
	GlobalSection(ExtensibilityGlobals) = postSolution
		SolutionGuid = {F3797D66-A180-4E3E-8A69-46EFAF812C14}
	EndGlobalSection
EndGlobal
