
Microsoft Visual Studio Solution File, Format Version 12.00
# Visual Studio Version 17
VisualStudioVersion = 17.7.34031.279
MinimumVisualStudioVersion = 10.0.40219.1
Project("{9A19103F-16F7-4668-BE54-9A1E7A4F7556}") = "Disaheim", "Disaheim\Disaheim.csproj", "{1672A5FC-025E-4B58-AD44-D14EBD68E23E}"
EndProject
Project("{9A19103F-16F7-4668-BE54-9A1E7A4F7556}") = "DisaheimTest", "DisaheimTest\DisaheimTest.csproj", "{349100E6-AAF0-45BF-BE04-A71074182AEE}"
EndProject
Project("{FAE04EC0-301F-11D3-BF4B-00C04F79EFBC}") = "UtilityLib", "UtilityLib\UtilityLib.csproj", "{CEBF027B-666C-43C1-8242-E4CD71EA01A0}"
EndProject
Global
	GlobalSection(SolutionConfigurationPlatforms) = preSolution
		Debug|Any CPU = Debug|Any CPU
		Release|Any CPU = Release|Any CPU
	EndGlobalSection
	GlobalSection(ProjectConfigurationPlatforms) = postSolution
		{1672A5FC-025E-4B58-AD44-D14EBD68E23E}.Debug|Any CPU.ActiveCfg = Debug|Any CPU
		{1672A5FC-025E-4B58-AD44-D14EBD68E23E}.Debug|Any CPU.Build.0 = Debug|Any CPU
		{1672A5FC-025E-4B58-AD44-D14EBD68E23E}.Release|Any CPU.ActiveCfg = Release|Any CPU
		{1672A5FC-025E-4B58-AD44-D14EBD68E23E}.Release|Any CPU.Build.0 = Release|Any CPU
		{349100E6-AAF0-45BF-BE04-A71074182AEE}.Debug|Any CPU.ActiveCfg = Debug|Any CPU
		{349100E6-AAF0-45BF-BE04-A71074182AEE}.Debug|Any CPU.Build.0 = Debug|Any CPU
		{349100E6-AAF0-45BF-BE04-A71074182AEE}.Release|Any CPU.ActiveCfg = Release|Any CPU
		{349100E6-AAF0-45BF-BE04-A71074182AEE}.Release|Any CPU.Build.0 = Release|Any CPU
		{CEBF027B-666C-43C1-8242-E4CD71EA01A0}.Debug|Any CPU.ActiveCfg = Debug|Any CPU
		{CEBF027B-666C-43C1-8242-E4CD71EA01A0}.Debug|Any CPU.Build.0 = Debug|Any CPU
		{CEBF027B-666C-43C1-8242-E4CD71EA01A0}.Release|Any CPU.ActiveCfg = Release|Any CPU
		{CEBF027B-666C-43C1-8242-E4CD71EA01A0}.Release|Any CPU.Build.0 = Release|Any CPU
	EndGlobalSection
	GlobalSection(SolutionProperties) = preSolution
		HideSolutionNode = FALSE
	EndGlobalSection
	GlobalSection(ExtensibilityGlobals) = postSolution
		SolutionGuid = {DC5D5306-DCF7-48A1-ACE9-73692074DD3F}
	EndGlobalSection
EndGlobal
